
Microsoft Visual Studio Solution File, Format Version 12.00
# Visual Studio 15
VisualStudioVersion = 15.0.28010.0
MinimumVisualStudioVersion = 10.0.40219.1
Project("{FAE04EC0-301F-11D3-BF4B-00C04F79EFBC}") = "SquareSimpleLib", "SquareSimple\SquareSimpleLib.csproj", "{EE26F8F1-FF4A-4934-AEC8-7D5246866DB5}"
EndProject
Project("{FAE04EC0-301F-11D3-BF4B-00C04F79EFBC}") = "SquareSimpleTest", "SquareSimpleTest\SquareSimpleTest.csproj", "{FA1A2D39-C619-4365-A989-7852E0AB9CBE}"
EndProject
Global
	GlobalSection(SolutionConfigurationPlatforms) = preSolution
		Debug|Any CPU = Debug|Any CPU
		Release|Any CPU = Release|Any CPU
	EndGlobalSection
	GlobalSection(ProjectConfigurationPlatforms) = postSolution
		{EE26F8F1-FF4A-4934-AEC8-7D5246866DB5}.Debug|Any CPU.ActiveCfg = Debug|Any CPU
		{EE26F8F1-FF4A-4934-AEC8-7D5246866DB5}.Debug|Any CPU.Build.0 = Debug|Any CPU
		{EE26F8F1-FF4A-4934-AEC8-7D5246866DB5}.Release|Any CPU.ActiveCfg = Release|Any CPU
		{EE26F8F1-FF4A-4934-AEC8-7D5246866DB5}.Release|Any CPU.Build.0 = Release|Any CPU
		{FA1A2D39-C619-4365-A989-7852E0AB9CBE}.Debug|Any CPU.ActiveCfg = Debug|Any CPU
		{FA1A2D39-C619-4365-A989-7852E0AB9CBE}.Debug|Any CPU.Build.0 = Debug|Any CPU
		{FA1A2D39-C619-4365-A989-7852E0AB9CBE}.Release|Any CPU.ActiveCfg = Release|Any CPU
		{FA1A2D39-C619-4365-A989-7852E0AB9CBE}.Release|Any CPU.Build.0 = Release|Any CPU
	EndGlobalSection
	GlobalSection(SolutionProperties) = preSolution
		HideSolutionNode = FALSE
	EndGlobalSection
	GlobalSection(ExtensibilityGlobals) = postSolution
		SolutionGuid = {F2B3F032-2166-435D-A63B-61D51337E63B}
	EndGlobalSection
EndGlobal
